
Microsoft Visual Studio Solution File, Format Version 12.00
# Visual Studio Version 17
VisualStudioVersion = 17.14.36408.4 d17.14
MinimumVisualStudioVersion = 10.0.40219.1
Project("{54A90642-561A-4BB1-A94E-469ADEE60C69}") = "reactwithaspnetcoreapp.client", "reactwithaspnetcoreapp.client\reactwithaspnetcoreapp.client.esproj", "{E4BB9AC9-791D-0932-5863-84139970FAAD}"
EndProject
Project("{FAE04EC0-301F-11D3-BF4B-00C04F79EFBC}") = "ReactWithAspNetCoreApp.Server", "ReactWithAspNetCoreApp.Server\ReactWithAspNetCoreApp.Server.csproj", "{D99BE653-4A49-497D-A0AC-B09C63AD1E5E}"
EndProject
Global
	GlobalSection(SolutionConfigurationPlatforms) = preSolution
		Debug|Any CPU = Debug|Any CPU
		Release|Any CPU = Release|Any CPU
	EndGlobalSection
	GlobalSection(ProjectConfigurationPlatforms) = postSolution
		{E4BB9AC9-791D-0932-5863-84139970FAAD}.Debug|Any CPU.ActiveCfg = Debug|Any CPU
		{E4BB9AC9-791D-0932-5863-84139970FAAD}.Debug|Any CPU.Build.0 = Debug|Any CPU
		{E4BB9AC9-791D-0932-5863-84139970FAAD}.Debug|Any CPU.Deploy.0 = Debug|Any CPU
		{E4BB9AC9-791D-0932-5863-84139970FAAD}.Release|Any CPU.ActiveCfg = Release|Any CPU
		{E4BB9AC9-791D-0932-5863-84139970FAAD}.Release|Any CPU.Build.0 = Release|Any CPU
		{E4BB9AC9-791D-0932-5863-84139970FAAD}.Release|Any CPU.Deploy.0 = Release|Any CPU
		{D99BE653-4A49-497D-A0AC-B09C63AD1E5E}.Debug|Any CPU.ActiveCfg = Debug|Any CPU
		{D99BE653-4A49-497D-A0AC-B09C63AD1E5E}.Debug|Any CPU.Build.0 = Debug|Any CPU
		{D99BE653-4A49-497D-A0AC-B09C63AD1E5E}.Release|Any CPU.ActiveCfg = Release|Any CPU
		{D99BE653-4A49-497D-A0AC-B09C63AD1E5E}.Release|Any CPU.Build.0 = Release|Any CPU
	EndGlobalSection
	GlobalSection(SolutionProperties) = preSolution
		HideSolutionNode = FALSE
	EndGlobalSection
	GlobalSection(ExtensibilityGlobals) = postSolution
		SolutionGuid = {7F695A32-2AD3-44AF-AFD1-F3FE365811FA}
	EndGlobalSection
EndGlobal
